// !$*UTF8*$!
{
	archiveVersion = 1;
	classes = {
	};
	objectVersion = 55;
	objects = {

/* Begin PBXBuildFile section */
		9320632227914976008664CB /* AppDelegate.swift in Sources */ = {isa = PBXBuildFile; fileRef = 9320632127914976008664CB /* AppDelegate.swift */; };
		9320632427914976008664CB /* SceneDelegate.swift in Sources */ = {isa = PBXBuildFile; fileRef = 9320632327914976008664CB /* SceneDelegate.swift */; };
		9320632627914976008664CB /* ViewController.swift in Sources */ = {isa = PBXBuildFile; fileRef = 9320632527914976008664CB /* ViewController.swift */; };
		9320632927914976008664CB /* Main.storyboard in Resources */ = {isa = PBXBuildFile; fileRef = 9320632727914976008664CB /* Main.storyboard */; };
		9320632B2791497B008664CB /* Assets.xcassets in Resources */ = {isa = PBXBuildFile; fileRef = 9320632A2791497B008664CB /* Assets.xcassets */; };
		9320632E2791497B008664CB /* LaunchScreen.storyboard in Resources */ = {isa = PBXBuildFile; fileRef = 9320632C2791497B008664CB /* LaunchScreen.storyboard */; };
		932063392791497B008664CB /* You_Are_AwesomeTests.swift in Sources */ = {isa = PBXBuildFile; fileRef = 932063382791497B008664CB /* You_Are_AwesomeTests.swift */; };
		932063432791497B008664CB /* You_Are_AwesomeUITests.swift in Sources */ = {isa = PBXBuildFile; fileRef = 932063422791497B008664CB /* You_Are_AwesomeUITests.swift */; };
		932063452791497B008664CB /* You_Are_AwesomeUITestsLaunchTests.swift in Sources */ = {isa = PBXBuildFile; fileRef = 932063442791497B008664CB /* You_Are_AwesomeUITestsLaunchTests.swift */; };
/* End PBXBuildFile section */

/* Begin PBXContainerItemProxy section */
		932063352791497B008664CB /* PBXContainerItemProxy */ = {
			isa = PBXContainerItemProxy;
			containerPortal = 9320631627914976008664CB /* Project object */;
			proxyType = 1;
			remoteGlobalIDString = 9320631D27914976008664CB;
			remoteInfo = "You-Are-Awesome";
		};
		9320633F2791497B008664CB /* PBXContainerItemProxy */ = {
			isa = PBXContainerItemProxy;
			containerPortal = 9320631627914976008664CB /* Project object */;
			proxyType = 1;
			remoteGlobalIDString = 9320631D27914976008664CB;
			remoteInfo = "You-Are-Awesome";
		};
/* End PBXContainerItemProxy section */

/* Begin PBXFileReference section */
		9320631E27914976008664CB /* You-Are-Awesome.app */ = {isa = PBXFileReference; explicitFileType = wrapper.application; includeInIndex = 0; path = "You-Are-Awesome.app"; sourceTree = BUILT_PRODUCTS_DIR; };
		9320632127914976008664CB /* AppDelegate.swift */ = {isa = PBXFileReference; lastKnownFileType = sourcecode.swift; path = AppDelegate.swift; sourceTree = "<group>"; };
		9320632327914976008664CB /* SceneDelegate.swift */ = {isa = PBXFileReference; lastKnownFileType = sourcecode.swift; path = SceneDelegate.swift; sourceTree = "<group>"; };
		9320632527914976008664CB /* ViewController.swift */ = {isa = PBXFileReference; lastKnownFileType = sourcecode.swift; path = ViewController.swift; sourceTree = "<group>"; };
		9320632827914976008664CB /* Base */ = {isa = PBXFileReference; lastKnownFileType = file.storyboard; name = Base; path = Base.lproj/Main.storyboard; sourceTree = "<group>"; };
		9320632A2791497B008664CB /* Assets.xcassets */ = {isa = PBXFileReference; lastKnownFileType = folder.assetcatalog; path = Assets.xcassets; sourceTree = "<group>"; };
		9320632D2791497B008664CB /* Base */ = {isa = PBXFileReference; lastKnownFileType = file.storyboard; name = Base; path = Base.lproj/LaunchScreen.storyboard; sourceTree = "<group>"; };
		9320632F2791497B008664CB /* Info.plist */ = {isa = PBXFileReference; lastKnownFileType = text.plist.xml; path = Info.plist; sourceTree = "<group>"; };
		932063342791497B008664CB /* You-Are-AwesomeTests.xctest */ = {isa = PBXFileReference; explicitFileType = wrapper.cfbundle; includeInIndex = 0; path = "You-Are-AwesomeTests.xctest"; sourceTree = BUILT_PRODUCTS_DIR; };
		932063382791497B008664CB /* You_Are_AwesomeTests.swift */ = {isa = PBXFileReference; lastKnownFileType = sourcecode.swift; path = You_Are_AwesomeTests.swift; sourceTree = "<group>"; };
		9320633E2791497B008664CB /* You-Are-AwesomeUITests.xctest */ = {isa = PBXFileReference; explicitFileType = wrapper.cfbundle; includeInIndex = 0; path = "You-Are-AwesomeUITests.xctest"; sourceTree = BUILT_PRODUCTS_DIR; };
		932063422791497B008664CB /* You_Are_AwesomeUITests.swift */ = {isa = PBXFileReference; lastKnownFileType = sourcecode.swift; path = You_Are_AwesomeUITests.swift; sourceTree = "<group>"; };
		932063442791497B008664CB /* You_Are_AwesomeUITestsLaunchTests.swift */ = {isa = PBXFileReference; lastKnownFileType = sourcecode.swift; path = You_Are_AwesomeUITestsLaunchTests.swift; sourceTree = "<group>"; };
/* End PBXFileReference section */

/* Begin PBXFrameworksBuildPhase section */
		9320631B27914976008664CB /* Frameworks */ = {
			isa = PBXFrameworksBuildPhase;
			buildActionMask = 2147483647;
			files = (
			);
			runOnlyForDeploymentPostprocessing = 0;
		};
		932063312791497B008664CB /* Frameworks */ = {
			isa = PBXFrameworksBuildPhase;
			buildActionMask = 2147483647;
			files = (
			);
			runOnlyForDeploymentPostprocessing = 0;
		};
		9320633B2791497B008664CB /* Frameworks */ = {
			isa = PBXFrameworksBuildPhase;
			buildActionMask = 2147483647;
			files = (
			);
			runOnlyForDeploymentPostprocessing = 0;
		};
/* End PBXFrameworksBuildPhase section */

/* Begin PBXGroup section */
		9320631527914976008664CB = {
			isa = PBXGroup;
			children = (
				9320632027914976008664CB /* You-Are-Awesome */,
				932063372791497B008664CB /* You-Are-AwesomeTests */,
				932063412791497B008664CB /* You-Are-AwesomeUITests */,
				9320631F27914976008664CB /* Products */,
			);
			sourceTree = "<group>";
		};
		9320631F27914976008664CB /* Products */ = {
			isa = PBXGroup;
			children = (
				9320631E27914976008664CB /* You-Are-Awesome.app */,
				932063342791497B008664CB /* You-Are-AwesomeTests.xctest */,
				9320633E2791497B008664CB /* You-Are-AwesomeUITests.xctest */,
			);
			name = Products;
			sourceTree = "<group>";
		};
		9320632027914976008664CB /* You-Are-Awesome */ = {
			isa = PBXGroup;
			children = (
				9320632127914976008664CB /* AppDelegate.swift */,
				9320632327914976008664CB /* SceneDelegate.swift */,
				9320632527914976008664CB /* ViewController.swift */,
				9320632727914976008664CB /* Main.storyboard */,
				9320632A2791497B008664CB /* Assets.xcassets */,
				9320632C2791497B008664CB /* LaunchScreen.storyboard */,
				9320632F2791497B008664CB /* Info.plist */,
			);
			path = "You-Are-Awesome";
			sourceTree = "<group>";
		};
		932063372791497B008664CB /* You-Are-AwesomeTests */ = {
			isa = PBXGroup;
			children = (
				932063382791497B008664CB /* You_Are_AwesomeTests.swift */,
			);
			path = "You-Are-AwesomeTests";
			sourceTree = "<group>";
		};
		932063412791497B008664CB /* You-Are-AwesomeUITests */ = {
			isa = PBXGroup;
			children = (
				932063422791497B008664CB /* You_Are_AwesomeUITests.swift */,
				932063442791497B008664CB /* You_Are_AwesomeUITestsLaunchTests.swift */,
			);
			path = "You-Are-AwesomeUITests";
			sourceTree = "<group>";
		};
/* End PBXGroup section */

/* Begin PBXNativeTarget section */
		9320631D27914976008664CB /* You-Are-Awesome */ = {
			isa = PBXNativeTarget;
			buildConfigurationList = 932063482791497B008664CB /* Build configuration list for PBXNativeTarget "You-Are-Awesome" */;
			buildPhases = (
				9320631A27914976008664CB /* Sources */,
				9320631B27914976008664CB /* Frameworks */,
				9320631C27914976008664CB /* Resources */,
			);
			buildRules = (
			);
			dependencies = (
			);
			name = "You-Are-Awesome";
			productName = "You-Are-Awesome";
			productReference = 9320631E27914976008664CB /* You-Are-Awesome.app */;
			productType = "com.apple.product-type.application";
		};
		932063332791497B008664CB /* You-Are-AwesomeTests */ = {
			isa = PBXNativeTarget;
			buildConfigurationList = 9320634B2791497B008664CB /* Build configuration list for PBXNativeTarget "You-Are-AwesomeTests" */;
			buildPhases = (
				932063302791497B008664CB /* Sources */,
				932063312791497B008664CB /* Frameworks */,
				932063322791497B008664CB /* Resources */,
			);
			buildRules = (
			);
			dependencies = (
				932063362791497B008664CB /* PBXTargetDependency */,
			);
			name = "You-Are-AwesomeTests";
			productName = "You-Are-AwesomeTests";
			productReference = 932063342791497B008664CB /* You-Are-AwesomeTests.xctest */;
			productType = "com.apple.product-type.bundle.unit-test";
		};
		9320633D2791497B008664CB /* You-Are-AwesomeUITests */ = {
			isa = PBXNativeTarget;
			buildConfigurationList = 9320634E2791497B008664CB /* Build configuration list for PBXNativeTarget "You-Are-AwesomeUITests" */;
			buildPhases = (
				9320633A2791497B008664CB /* Sources */,
				9320633B2791497B008664CB /* Frameworks */,
				9320633C2791497B008664CB /* Resources */,
			);
			buildRules = (
			);
			dependencies = (
				932063402791497B008664CB /* PBXTargetDependency */,
			);
			name = "You-Are-AwesomeUITests";
			productName = "You-Are-AwesomeUITests";
			productReference = 9320633E2791497B008664CB /* You-Are-AwesomeUITests.xctest */;
			productType = "com.apple.product-type.bundle.ui-testing";
		};
/* End PBXNativeTarget section */

/* Begin PBXProject section */
		9320631627914976008664CB /* Project object */ = {
			isa = PBXProject;
			attributes = {
				BuildIndependentTargetsInParallel = 1;
				LastSwiftUpdateCheck = 1320;
				LastUpgradeCheck = 1320;
				TargetAttributes = {
					9320631D27914976008664CB = {
						CreatedOnToolsVersion = 13.2.1;
					};
					932063332791497B008664CB = {
						CreatedOnToolsVersion = 13.2.1;
						TestTargetID = 9320631D27914976008664CB;
					};
					9320633D2791497B008664CB = {
						CreatedOnToolsVersion = 13.2.1;
						TestTargetID = 9320631D27914976008664CB;
					};
				};
			};
			buildConfigurationList = 9320631927914976008664CB /* Build configuration list for PBXProject "You-Are-Awesome" */;
			compatibilityVersion = "Xcode 13.0";
			developmentRegion = en;
			hasScannedForEncodings = 0;
			knownRegions = (
				en,
				Base,
			);
			mainGroup = 9320631527914976008664CB;
			productRefGroup = 9320631F27914976008664CB /* Products */;
			projectDirPath = "";
			projectRoot = "";
			targets = (
				9320631D27914976008664CB /* You-Are-Awesome */,
				932063332791497B008664CB /* You-Are-AwesomeTests */,
				9320633D2791497B008664CB /* You-Are-AwesomeUITests */,
			);
		};
/* End PBXProject section */

/* Begin PBXResourcesBuildPhase section */
		9320631C27914976008664CB /* Resources */ = {
			isa = PBXResourcesBuildPhase;
			buildActionMask = 2147483647;
			files = (
				9320632E2791497B008664CB /* LaunchScreen.storyboard in Resources */,
				9320632B2791497B008664CB /* Assets.xcassets in Resources */,
				9320632927914976008664CB /* Main.storyboard in Resources */,
			);
			runOnlyForDeploymentPostprocessing = 0;
		};
		932063322791497B008664CB /* Resources */ = {
			isa = PBXResourcesBuildPhase;
			buildActionMask = 2147483647;
			files = (
			);
			runOnlyForDeploymentPostprocessing = 0;
		};
		9320633C2791497B008664CB /* Resources */ = {
			isa = PBXResourcesBuildPhase;
			buildActionMask = 2147483647;
			files = (
			);
			runOnlyForDeploymentPostprocessing = 0;
		};
/* End PBXResourcesBuildPhase section */

/* Begin PBXSourcesBuildPhase section */
		9320631A27914976008664CB /* Sources */ = {
			isa = PBXSourcesBuildPhase;
			buildActionMask = 2147483647;
			files = (
				9320632627914976008664CB /* ViewController.swift in Sources */,
				9320632227914976008664CB /* AppDelegate.swift in Sources */,
				9320632427914976008664CB /* SceneDelegate.swift in Sources */,
			);
			runOnlyForDeploymentPostprocessing = 0;
		};
		932063302791497B008664CB /* Sources */ = {
			isa = PBXSourcesBuildPhase;
			buildActionMask = 2147483647;
			files = (
				932063392791497B008664CB /* You_Are_AwesomeTests.swift in Sources */,
			);
			runOnlyForDeploymentPostprocessing = 0;
		};
		9320633A2791497B008664CB /* Sources */ = {
			isa = PBXSourcesBuildPhase;
			buildActionMask = 2147483647;
			files = (
				932063432791497B008664CB /* You_Are_AwesomeUITests.swift in Sources */,
				932063452791497B008664CB /* You_Are_AwesomeUITestsLaunchTests.swift in Sources */,
			);
			runOnlyForDeploymentPostprocessing = 0;
		};
/* End PBXSourcesBuildPhase section */

/* Begin PBXTargetDependency section */
		932063362791497B008664CB /* PBXTargetDependency */ = {
			isa = PBXTargetDependency;
			target = 9320631D27914976008664CB /* You-Are-Awesome */;
			targetProxy = 932063352791497B008664CB /* PBXContainerItemProxy */;
		};
		932063402791497B008664CB /* PBXTargetDependency */ = {
			isa = PBXTargetDependency;
			target = 9320631D27914976008664CB /* You-Are-Awesome */;
			targetProxy = 9320633F2791497B008664CB /* PBXContainerItemProxy */;
		};
/* End PBXTargetDependency section */

/* Begin PBXVariantGroup section */
		9320632727914976008664CB /* Main.storyboard */ = {
			isa = PBXVariantGroup;
			children = (
				9320632827914976008664CB /* Base */,
			);
			name = Main.storyboard;
			sourceTree = "<group>";
		};
		9320632C2791497B008664CB /* LaunchScreen.storyboard */ = {
			isa = PBXVariantGroup;
			children = (
				9320632D2791497B008664CB /* Base */,
			);
			name = LaunchScreen.storyboard;
			sourceTree = "<group>";
		};
/* End PBXVariantGroup section */

/* Begin XCBuildConfiguration section */
		932063462791497B008664CB /* Debug */ = {
			isa = XCBuildConfiguration;
			buildSettings = {
				ALWAYS_SEARCH_USER_PATHS = NO;
				CLANG_ANALYZER_NONNULL = YES;
				CLANG_ANALYZER_NUMBER_OBJECT_CONVERSION = YES_AGGRESSIVE;
				CLANG_CXX_LANGUAGE_STANDARD = "gnu++17";
				CLANG_CXX_LIBRARY = "libc++";
				CLANG_ENABLE_MODULES = YES;
				CLANG_ENABLE_OBJC_ARC = YES;
				CLANG_ENABLE_OBJC_WEAK = YES;
				CLANG_WARN_BLOCK_CAPTURE_AUTORELEASING = YES;
				CLANG_WARN_BOOL_CONVERSION = YES;
				CLANG_WARN_COMMA = YES;
				CLANG_WARN_CONSTANT_CONVERSION = YES;
				CLANG_WARN_DEPRECATED_OBJC_IMPLEMENTATIONS = YES;
				CLANG_WARN_DIRECT_OBJC_ISA_USAGE = YES_ERROR;
				CLANG_WARN_DOCUMENTATION_COMMENTS = YES;
				CLANG_WARN_EMPTY_BODY = YES;
				CLANG_WARN_ENUM_CONVERSION = YES;
				CLANG_WARN_INFINITE_RECURSION = YES;
				CLANG_WARN_INT_CONVERSION = YES;
				CLANG_WARN_NON_LITERAL_NULL_CONVERSION = YES;
				CLANG_WARN_OBJC_IMPLICIT_RETAIN_SELF = YES;
				CLANG_WARN_OBJC_LITERAL_CONVERSION = YES;
				CLANG_WARN_OBJC_ROOT_CLASS = YES_ERROR;
				CLANG_WARN_QUOTED_INCLUDE_IN_FRAMEWORK_HEADER = YES;
				CLANG_WARN_RANGE_LOOP_ANALYSIS = YES;
				CLANG_WARN_STRICT_PROTOTYPES = YES;
				CLANG_WARN_SUSPICIOUS_MOVE = YES;
				CLANG_WARN_UNGUARDED_AVAILABILITY = YES_AGGRESSIVE;
				CLANG_WARN_UNREACHABLE_CODE = YES;
				CLANG_WARN__DUPLICATE_METHOD_MATCH = YES;
				COPY_PHASE_STRIP = NO;
				DEBUG_INFORMATION_FORMAT = dwarf;
				ENABLE_STRICT_OBJC_MSGSEND = YES;
				ENABLE_TESTABILITY = YES;
				GCC_C_LANGUAGE_STANDARD = gnu11;
				GCC_DYNAMIC_NO_PIC = NO;
				GCC_NO_COMMON_BLOCKS = YES;
				GCC_OPTIMIZATION_LEVEL = 0;
				GCC_PREPROCESSOR_DEFINITIONS = (
					"DEBUG=1",
					"$(inherited)",
				);
				GCC_WARN_64_TO_32_BIT_CONVERSION = YES;
				GCC_WARN_ABOUT_RETURN_TYPE = YES_ERROR;
				GCC_WARN_UNDECLARED_SELECTOR = YES;
				GCC_WARN_UNINITIALIZED_AUTOS = YES_AGGRESSIVE;
				GCC_WARN_UNUSED_FUNCTION = YES;
				GCC_WARN_UNUSED_VARIABLE = YES;
				IPHONEOS_DEPLOYMENT_TARGET = 15.2;
				MTL_ENABLE_DEBUG_INFO = INCLUDE_SOURCE;
				MTL_FAST_MATH = YES;
				ONLY_ACTIVE_ARCH = YES;
				SDKROOT = iphoneos;
				SWIFT_ACTIVE_COMPILATION_CONDITIONS = DEBUG;
				SWIFT_OPTIMIZATION_LEVEL = "-Onone";
			};
			name = Debug;
		};
		932063472791497B008664CB /* Release */ = {
			isa = XCBuildConfiguration;
			buildSettings = {
				ALWAYS_SEARCH_USER_PATHS = NO;
				CLANG_ANALYZER_NONNULL = YES;
				CLANG_ANALYZER_NUMBER_OBJECT_CONVERSION = YES_AGGRESSIVE;
				CLANG_CXX_LANGUAGE_STANDARD = "gnu++17";
				CLANG_CXX_LIBRARY = "libc++";
				CLANG_ENABLE_MODULES = YES;
				CLANG_ENABLE_OBJC_ARC = YES;
				CLANG_ENABLE_OBJC_WEAK = YES;
				CLANG_WARN_BLOCK_CAPTURE_AUTORELEASING = YES;
				CLANG_WARN_BOOL_CONVERSION = YES;
				CLANG_WARN_COMMA = YES;
				CLANG_WARN_CONSTANT_CONVERSION = YES;
				CLANG_WARN_DEPRECATED_OBJC_IMPLEMENTATIONS = YES;
				CLANG_WARN_DIRECT_OBJC_ISA_USAGE = YES_ERROR;
				CLANG_WARN_DOCUMENTATION_COMMENTS = YES;
				CLANG_WARN_EMPTY_BODY = YES;
				CLANG_WARN_ENUM_CONVERSION = YES;
				CLANG_WARN_INFINITE_RECURSION = YES;
				CLANG_WARN_INT_CONVERSION = YES;
				CLANG_WARN_NON_LITERAL_NULL_CONVERSION = YES;
				CLANG_WARN_OBJC_IMPLICIT_RETAIN_SELF = YES;
				CLANG_WARN_OBJC_LITERAL_CONVERSION = YES;
				CLANG_WARN_OBJC_ROOT_CLASS = YES_ERROR;
				CLANG_WARN_QUOTED_INCLUDE_IN_FRAMEWORK_HEADER = YES;
				CLANG_WARN_RANGE_LOOP_ANALYSIS = YES;
				CLANG_WARN_STRICT_PROTOTYPES = YES;
				CLANG_WARN_SUSPICIOUS_MOVE = YES;
				CLANG_WARN_UNGUARDED_AVAILABILITY = YES_AGGRESSIVE;
				CLANG_WARN_UNREACHABLE_CODE = YES;
				CLANG_WARN__DUPLICATE_METHOD_MATCH = YES;
				COPY_PHASE_STRIP = NO;
				DEBUG_INFORMATION_FORMAT = "dwarf-with-dsym";
				ENABLE_NS_ASSERTIONS = NO;
				ENABLE_STRICT_OBJC_MSGSEND = YES;
				GCC_C_LANGUAGE_STANDARD = gnu11;
				GCC_NO_COMMON_BLOCKS = YES;
				GCC_WARN_64_TO_32_BIT_CONVERSION = YES;
				GCC_WARN_ABOUT_RETURN_TYPE = YES_ERROR;
				GCC_WARN_UNDECLARED_SELECTOR = YES;
				GCC_WARN_UNINITIALIZED_AUTOS = YES_AGGRESSIVE;
				GCC_WARN_UNUSED_FUNCTION = YES;
				GCC_WARN_UNUSED_VARIABLE = YES;
				IPHONEOS_DEPLOYMENT_TARGET = 15.2;
				MTL_ENABLE_DEBUG_INFO = NO;
				MTL_FAST_MATH = YES;
				SDKROOT = iphoneos;
				SWIFT_COMPILATION_MODE = wholemodule;
				SWIFT_OPTIMIZATION_LEVEL = "-O";
				VALIDATE_PRODUCT = YES;
			};
			name = Release;
		};
		932063492791497B008664CB /* Debug */ = {
			isa = XCBuildConfiguration;
			buildSettings = {
				ASSETCATALOG_COMPILER_APPICON_NAME = AppIcon;
				ASSETCATALOG_COMPILER_GLOBAL_ACCENT_COLOR_NAME = AccentColor;
				CODE_SIGN_STYLE = Automatic;
				CURRENT_PROJECT_VERSION = 1;
				DEVELOPMENT_TEAM = 94S5GB3XX2;
				GENERATE_INFOPLIST_FILE = YES;
				INFOPLIST_FILE = "You-Are-Awesome/Info.plist";
				INFOPLIST_KEY_UIApplicationSupportsIndirectInputEvents = YES;
				INFOPLIST_KEY_UILaunchStoryboardName = LaunchScreen;
				INFOPLIST_KEY_UIMainStoryboardFile = Main;
				INFOPLIST_KEY_UISupportedInterfaceOrientations_iPad = "UIInterfaceOrientationPortrait UIInterfaceOrientationPortraitUpsideDown UIInterfaceOrientationLandscapeLeft UIInterfaceOrientationLandscapeRight";
				INFOPLIST_KEY_UISupportedInterfaceOrientations_iPhone = "UIInterfaceOrientationPortrait UIInterfaceOrientationLandscapeLeft UIInterfaceOrientationLandscapeRight";
				LD_RUNPATH_SEARCH_PATHS = (
					"$(inherited)",
					"@executable_path/Frameworks",
				);
				MARKETING_VERSION = 1.0;
				PRODUCT_BUNDLE_IDENTIFIER = "com.twiggs.You-Are-Awesome";
				PRODUCT_NAME = "$(TARGET_NAME)";
				SWIFT_EMIT_LOC_STRINGS = YES;
				SWIFT_VERSION = 5.0;
				TARGETED_DEVICE_FAMILY = "1,2";
			};
			name = Debug;
		};
		9320634A2791497B008664CB /* Release */ = {
			isa = XCBuildConfiguration;
			buildSettings = {
				ASSETCATALOG_COMPILER_APPICON_NAME = AppIcon;
				ASSETCATALOG_COMPILER_GLOBAL_ACCENT_COLOR_NAME = AccentColor;
				CODE_SIGN_STYLE = Automatic;
				CURRENT_PROJECT_VERSION = 1;
				DEVELOPMENT_TEAM = 94S5GB3XX2;
				GENERATE_INFOPLIST_FILE = YES;
				INFOPLIST_FILE = "You-Are-Awesome/Info.plist";
				INFOPLIST_KEY_UIApplicationSupportsIndirectInputEvents = YES;
				INFOPLIST_KEY_UILaunchStoryboardName = LaunchScreen;
				INFOPLIST_KEY_UIMainStoryboardFile = Main;
				INFOPLIST_KEY_UISupportedInterfaceOrientations_iPad = "UIInterfaceOrientationPortrait UIInterfaceOrientationPortraitUpsideDown UIInterfaceOrientationLandscapeLeft UIInterfaceOrientationLandscapeRight";
				INFOPLIST_KEY_UISupportedInterfaceOrientations_iPhone = "UIInterfaceOrientationPortrait UIInterfaceOrientationLandscapeLeft UIInterfaceOrientationLandscapeRight";
				LD_RUNPATH_SEARCH_PATHS = (
					"$(inherited)",
					"@executable_path/Frameworks",
				);
				MARKETING_VERSION = 1.0;
				PRODUCT_BUNDLE_IDENTIFIER = "com.twiggs.You-Are-Awesome";
				PRODUCT_NAME = "$(TARGET_NAME)";
				SWIFT_EMIT_LOC_STRINGS = YES;
				SWIFT_VERSION = 5.0;
				TARGETED_DEVICE_FAMILY = "1,2";
			};
			name = Release;
		};
		9320634C2791497B008664CB /* Debug */ = {
			isa = XCBuildConfiguration;
			buildSettings = {
				ALWAYS_EMBED_SWIFT_STANDARD_LIBRARIES = YES;
				BUNDLE_LOADER = "$(TEST_HOST)";
				CODE_SIGN_STYLE = Automatic;
				CURRENT_PROJECT_VERSION = 1;
				DEVELOPMENT_TEAM = 94S5GB3XX2;
				GENERATE_INFOPLIST_FILE = YES;
				IPHONEOS_DEPLOYMENT_TARGET = 15.2;
				MARKETING_VERSION = 1.0;
				PRODUCT_BUNDLE_IDENTIFIER = "com.twiggs.You-Are-AwesomeTests";
				PRODUCT_NAME = "$(TARGET_NAME)";
				SWIFT_EMIT_LOC_STRINGS = NO;
				SWIFT_VERSION = 5.0;
				TARGETED_DEVICE_FAMILY = "1,2";
				TEST_HOST = "$(BUILT_PRODUCTS_DIR)/You-Are-Awesome.app/You-Are-Awesome";
			};
			name = Debug;
		};
		9320634D2791497B008664CB /* Release */ = {
			isa = XCBuildConfiguration;
			buildSettings = {
				ALWAYS_EMBED_SWIFT_STANDARD_LIBRARIES = YES;
				BUNDLE_LOADER = "$(TEST_HOST)";
				CODE_SIGN_STYLE = Automatic;
				CURRENT_PROJECT_VERSION = 1;
				DEVELOPMENT_TEAM = 94S5GB3XX2;
				GENERATE_INFOPLIST_FILE = YES;
				IPHONEOS_DEPLOYMENT_TARGET = 15.2;
				MARKETING_VERSION = 1.0;
				PRODUCT_BUNDLE_IDENTIFIER = "com.twiggs.You-Are-AwesomeTests";
				PRODUCT_NAME = "$(TARGET_NAME)";
				SWIFT_EMIT_LOC_STRINGS = NO;
				SWIFT_VERSION = 5.0;
				TARGETED_DEVICE_FAMILY = "1,2";
				TEST_HOST = "$(BUILT_PRODUCTS_DIR)/You-Are-Awesome.app/You-Are-Awesome";
			};
			name = Release;
		};
		9320634F2791497B008664CB /* Debug */ = {
			isa = XCBuildConfiguration;
			buildSettings = {
				ALWAYS_EMBED_SWIFT_STANDARD_LIBRARIES = YES;
				CODE_SIGN_STYLE = Automatic;
				CURRENT_PROJECT_VERSION = 1;
				DEVELOPMENT_TEAM = 94S5GB3XX2;
				GENERATE_INFOPLIST_FILE = YES;
				MARKETING_VERSION = 1.0;
				PRODUCT_BUNDLE_IDENTIFIER = "com.twiggs.You-Are-AwesomeUITests";
				PRODUCT_NAME = "$(TARGET_NAME)";
				SWIFT_EMIT_LOC_STRINGS = NO;
				SWIFT_VERSION = 5.0;
				TARGETED_DEVICE_FAMILY = "1,2";
				TEST_TARGET_NAME = "You-Are-Awesome";
			};
			name = Debug;
		};
		932063502791497B008664CB /* Release */ = {
			isa = XCBuildConfiguration;
			buildSettings = {
				ALWAYS_EMBED_SWIFT_STANDARD_LIBRARIES = YES;
				CODE_SIGN_STYLE = Automatic;
				CURRENT_PROJECT_VERSION = 1;
				DEVELOPMENT_TEAM = 94S5GB3XX2;
				GENERATE_INFOPLIST_FILE = YES;
				MARKETING_VERSION = 1.0;
				PRODUCT_BUNDLE_IDENTIFIER = "com.twiggs.You-Are-AwesomeUITests";
				PRODUCT_NAME = "$(TARGET_NAME)";
				SWIFT_EMIT_LOC_STRINGS = NO;
				SWIFT_VERSION = 5.0;
				TARGETED_DEVICE_FAMILY = "1,2";
				TEST_TARGET_NAME = "You-Are-Awesome";
			};
			name = Release;
		};
/* End XCBuildConfiguration section */

/* Begin XCConfigurationList section */
		9320631927914976008664CB /* Build configuration list for PBXProject "You-Are-Awesome" */ = {
			isa = XCConfigurationList;
			buildConfigurations = (
				932063462791497B008664CB /* Debug */,
				932063472791497B008664CB /* Release */,
			);
			defaultConfigurationIsVisible = 0;
			defaultConfigurationName = Release;
		};
		932063482791497B008664CB /* Build configuration list for PBXNativeTarget "You-Are-Awesome" */ = {
			isa = XCConfigurationList;
			buildConfigurations = (
				932063492791497B008664CB /* Debug */,
				9320634A2791497B008664CB /* Release */,
			);
			defaultConfigurationIsVisible = 0;
			defaultConfigurationName = Release;
		};
		9320634B2791497B008664CB /* Build configuration list for PBXNativeTarget "You-Are-AwesomeTests" */ = {
			isa = XCConfigurationList;
			buildConfigurations = (
				9320634C2791497B008664CB /* Debug */,
				9320634D2791497B008664CB /* Release */,
			);
			defaultConfigurationIsVisible = 0;
			defaultConfigurationName = Release;
		};
		9320634E2791497B008664CB /* Build configuration list for PBXNativeTarget "You-Are-AwesomeUITests" */ = {
			isa = XCConfigurationList;
			buildConfigurations = (
				9320634F2791497B008664CB /* Debug */,
				932063502791497B008664CB /* Release */,
			);
			defaultConfigurationIsVisible = 0;
			defaultConfigurationName = Release;
		};
/* End XCConfigurationList section */
	};
	rootObject = 9320631627914976008664CB /* Project object */;
}
